{
	"name": "integration-tests",
	"requires": true,
	"lockfileVersion": 1,
	"dependencies": {
		"dotenv": {
			"version": "6.1.0",
			"resolved": "https://registry.npmjs.org/dotenv/-/dotenv-6.1.0.tgz",
			"integrity": "sha512-/veDn2ztgRlB7gKmE3i9f6CmDIyXAy6d5nBq+whO9SLX+Zs1sXEgFLPi+aSuWqUuusMfbi84fT8j34fs1HaYUw=="
		},
		"dotenv-safe": {
			"version": "6.1.0",
			"resolved": "https://registry.npmjs.org/dotenv-safe/-/dotenv-safe-6.1.0.tgz",
			"integrity": "sha512-O02OUTS+XmoRNZR4kRjJ9jlUGvQoXpMeTVVEBc8hUtgvPTgVZpsZH7TOocq4RVDpPrs2xGPwj6gIWjqRX+ErHA==",
			"requires": {
				"dotenv": "^6.1.0"
			}
		}
	}
}
